
Microsoft Visual Studio Solution File, Format Version 12.00
# Visual Studio Version 17
VisualStudioVersion = 17.0.32112.339
MinimumVisualStudioVersion = 10.0.40219.1
Project("{FAE04EC0-301F-11D3-BF4B-00C04F79EFBC}") = "method_override_virtual", "method_override_virtual\method_override_virtual.csproj", "{B534ADF0-DF5D-423C-A40C-559CCB1EB104}"
EndProject
Global
	GlobalSection(SolutionConfigurationPlatforms) = preSolution
		Debug|Any CPU = Debug|Any CPU
		Release|Any CPU = Release|Any CPU
	EndGlobalSection
	GlobalSection(ProjectConfigurationPlatforms) = postSolution
		{B534ADF0-DF5D-423C-A40C-559CCB1EB104}.Debug|Any CPU.ActiveCfg = Debug|Any CPU
		{B534ADF0-DF5D-423C-A40C-559CCB1EB104}.Debug|Any CPU.Build.0 = Debug|Any CPU
		{B534ADF0-DF5D-423C-A40C-559CCB1EB104}.Release|Any CPU.ActiveCfg = Release|Any CPU
		{B534ADF0-DF5D-423C-A40C-559CCB1EB104}.Release|Any CPU.Build.0 = Release|Any CPU
	EndGlobalSection
	GlobalSection(SolutionProperties) = preSolution
		HideSolutionNode = FALSE
	EndGlobalSection
	GlobalSection(ExtensibilityGlobals) = postSolution
		SolutionGuid = {A07BBAB5-9F92-48B4-BB8F-46E65CB1864C}
	EndGlobalSection
EndGlobal
