
Microsoft Visual Studio Solution File, Format Version 12.00
# Visual Studio Version 17
VisualStudioVersion = 17.1.32210.238
MinimumVisualStudioVersion = 10.0.40219.1
Project("{FAE04EC0-301F-11D3-BF4B-00C04F79EFBC}") = "palindrome_oop", "palindrome_oop\palindrome_oop.csproj", "{6453EB20-A945-41C6-938B-21C058471F54}"
EndProject
Global
	GlobalSection(SolutionConfigurationPlatforms) = preSolution
		Debug|Any CPU = Debug|Any CPU
		Release|Any CPU = Release|Any CPU
	EndGlobalSection
	GlobalSection(ProjectConfigurationPlatforms) = postSolution
		{6453EB20-A945-41C6-938B-21C058471F54}.Debug|Any CPU.ActiveCfg = Debug|Any CPU
		{6453EB20-A945-41C6-938B-21C058471F54}.Debug|Any CPU.Build.0 = Debug|Any CPU
		{6453EB20-A945-41C6-938B-21C058471F54}.Release|Any CPU.ActiveCfg = Release|Any CPU
		{6453EB20-A945-41C6-938B-21C058471F54}.Release|Any CPU.Build.0 = Release|Any CPU
	EndGlobalSection
	GlobalSection(SolutionProperties) = preSolution
		HideSolutionNode = FALSE
	EndGlobalSection
	GlobalSection(ExtensibilityGlobals) = postSolution
		SolutionGuid = {E145DAEC-918F-47BC-98A4-E395EE64A93B}
	EndGlobalSection
EndGlobal
