
Microsoft Visual Studio Solution File, Format Version 12.00
# Visual Studio Version 17
VisualStudioVersion = 17.0.32126.317
MinimumVisualStudioVersion = 10.0.40219.1
Project("{FAE04EC0-301F-11D3-BF4B-00C04F79EFBC}") = "write_data_streamwriter", "write_data_streamwriter\write_data_streamwriter.csproj", "{6902C95C-C38B-4BDF-8FBE-4543A4A31430}"
EndProject
Global
	GlobalSection(SolutionConfigurationPlatforms) = preSolution
		Debug|Any CPU = Debug|Any CPU
		Release|Any CPU = Release|Any CPU
	EndGlobalSection
	GlobalSection(ProjectConfigurationPlatforms) = postSolution
		{6902C95C-C38B-4BDF-8FBE-4543A4A31430}.Debug|Any CPU.ActiveCfg = Debug|Any CPU
		{6902C95C-C38B-4BDF-8FBE-4543A4A31430}.Debug|Any CPU.Build.0 = Debug|Any CPU
		{6902C95C-C38B-4BDF-8FBE-4543A4A31430}.Release|Any CPU.ActiveCfg = Release|Any CPU
		{6902C95C-C38B-4BDF-8FBE-4543A4A31430}.Release|Any CPU.Build.0 = Release|Any CPU
	EndGlobalSection
	GlobalSection(SolutionProperties) = preSolution
		HideSolutionNode = FALSE
	EndGlobalSection
	GlobalSection(ExtensibilityGlobals) = postSolution
		SolutionGuid = {005F2983-5797-410C-AC81-78EFE79CAED3}
	EndGlobalSection
EndGlobal
