
Microsoft Visual Studio Solution File, Format Version 12.00
# Visual Studio Version 17
VisualStudioVersion = 17.0.32112.339
MinimumVisualStudioVersion = 10.0.40219.1
Project("{FAE04EC0-301F-11D3-BF4B-00C04F79EFBC}") = "single_inherit", "single_inherit\single_inherit.csproj", "{6EC9B8D7-EA45-47A3-B0F0-866B71DCD61E}"
EndProject
Global
	GlobalSection(SolutionConfigurationPlatforms) = preSolution
		Debug|Any CPU = Debug|Any CPU
		Release|Any CPU = Release|Any CPU
	EndGlobalSection
	GlobalSection(ProjectConfigurationPlatforms) = postSolution
		{6EC9B8D7-EA45-47A3-B0F0-866B71DCD61E}.Debug|Any CPU.ActiveCfg = Debug|Any CPU
		{6EC9B8D7-EA45-47A3-B0F0-866B71DCD61E}.Debug|Any CPU.Build.0 = Debug|Any CPU
		{6EC9B8D7-EA45-47A3-B0F0-866B71DCD61E}.Release|Any CPU.ActiveCfg = Release|Any CPU
		{6EC9B8D7-EA45-47A3-B0F0-866B71DCD61E}.Release|Any CPU.Build.0 = Release|Any CPU
	EndGlobalSection
	GlobalSection(SolutionProperties) = preSolution
		HideSolutionNode = FALSE
	EndGlobalSection
	GlobalSection(ExtensibilityGlobals) = postSolution
		SolutionGuid = {22762C9F-666C-42B7-B664-7455EFFDCB91}
	EndGlobalSection
EndGlobal
