
Microsoft Visual Studio Solution File, Format Version 12.00
# Visual Studio Version 17
VisualStudioVersion = 17.0.32126.317
MinimumVisualStudioVersion = 10.0.40219.1
Project("{FAE04EC0-301F-11D3-BF4B-00C04F79EFBC}") = "10methods_file_ops", "10methods_file_ops\10methods_file_ops.csproj", "{86E1375C-19E7-4823-8BC4-201232F86C72}"
EndProject
Global
	GlobalSection(SolutionConfigurationPlatforms) = preSolution
		Debug|Any CPU = Debug|Any CPU
		Release|Any CPU = Release|Any CPU
	EndGlobalSection
	GlobalSection(ProjectConfigurationPlatforms) = postSolution
		{86E1375C-19E7-4823-8BC4-201232F86C72}.Debug|Any CPU.ActiveCfg = Debug|Any CPU
		{86E1375C-19E7-4823-8BC4-201232F86C72}.Debug|Any CPU.Build.0 = Debug|Any CPU
		{86E1375C-19E7-4823-8BC4-201232F86C72}.Release|Any CPU.ActiveCfg = Release|Any CPU
		{86E1375C-19E7-4823-8BC4-201232F86C72}.Release|Any CPU.Build.0 = Release|Any CPU
	EndGlobalSection
	GlobalSection(SolutionProperties) = preSolution
		HideSolutionNode = FALSE
	EndGlobalSection
	GlobalSection(ExtensibilityGlobals) = postSolution
		SolutionGuid = {9632DFE9-4D7C-4AC3-BE49-D493DF466387}
	EndGlobalSection
EndGlobal
