
Microsoft Visual Studio Solution File, Format Version 12.00
# Visual Studio Version 17
VisualStudioVersion = 17.0.32112.339
MinimumVisualStudioVersion = 10.0.40219.1
Project("{FAE04EC0-301F-11D3-BF4B-00C04F79EFBC}") = "sumavg_array", "sumavg_array\sumavg_array.csproj", "{FA5A0AFB-5C15-4988-93B4-BE8198CC25AA}"
EndProject
Global
	GlobalSection(SolutionConfigurationPlatforms) = preSolution
		Debug|Any CPU = Debug|Any CPU
		Release|Any CPU = Release|Any CPU
	EndGlobalSection
	GlobalSection(ProjectConfigurationPlatforms) = postSolution
		{FA5A0AFB-5C15-4988-93B4-BE8198CC25AA}.Debug|Any CPU.ActiveCfg = Debug|Any CPU
		{FA5A0AFB-5C15-4988-93B4-BE8198CC25AA}.Debug|Any CPU.Build.0 = Debug|Any CPU
		{FA5A0AFB-5C15-4988-93B4-BE8198CC25AA}.Release|Any CPU.ActiveCfg = Release|Any CPU
		{FA5A0AFB-5C15-4988-93B4-BE8198CC25AA}.Release|Any CPU.Build.0 = Release|Any CPU
	EndGlobalSection
	GlobalSection(SolutionProperties) = preSolution
		HideSolutionNode = FALSE
	EndGlobalSection
	GlobalSection(ExtensibilityGlobals) = postSolution
		SolutionGuid = {D29476FA-9508-44E9-99BE-B8958BD14B27}
	EndGlobalSection
EndGlobal
