
Microsoft Visual Studio Solution File, Format Version 12.00
# Visual Studio Version 17
VisualStudioVersion = 17.0.32112.339
MinimumVisualStudioVersion = 10.0.40219.1
Project("{FAE04EC0-301F-11D3-BF4B-00C04F79EFBC}") = "dept_4looptypes", "dept_4looptypes\dept_4looptypes.csproj", "{61C54241-B204-497B-AE2A-31B45A35BDC8}"
EndProject
Global
	GlobalSection(SolutionConfigurationPlatforms) = preSolution
		Debug|Any CPU = Debug|Any CPU
		Release|Any CPU = Release|Any CPU
	EndGlobalSection
	GlobalSection(ProjectConfigurationPlatforms) = postSolution
		{61C54241-B204-497B-AE2A-31B45A35BDC8}.Debug|Any CPU.ActiveCfg = Debug|Any CPU
		{61C54241-B204-497B-AE2A-31B45A35BDC8}.Debug|Any CPU.Build.0 = Debug|Any CPU
		{61C54241-B204-497B-AE2A-31B45A35BDC8}.Release|Any CPU.ActiveCfg = Release|Any CPU
		{61C54241-B204-497B-AE2A-31B45A35BDC8}.Release|Any CPU.Build.0 = Release|Any CPU
	EndGlobalSection
	GlobalSection(SolutionProperties) = preSolution
		HideSolutionNode = FALSE
	EndGlobalSection
	GlobalSection(ExtensibilityGlobals) = postSolution
		SolutionGuid = {54BB8345-024A-4B74-85F9-255CB8D97934}
	EndGlobalSection
EndGlobal
