
Microsoft Visual Studio Solution File, Format Version 12.00
# Visual Studio Version 17
VisualStudioVersion = 17.0.32112.339
MinimumVisualStudioVersion = 10.0.40219.1
Project("{FAE04EC0-301F-11D3-BF4B-00C04F79EFBC}") = "get_set_accessmods", "get_set_accessmods\get_set_accessmods.csproj", "{07786F27-68FC-451D-AD0A-A4A06C9F7DBA}"
EndProject
Global
	GlobalSection(SolutionConfigurationPlatforms) = preSolution
		Debug|Any CPU = Debug|Any CPU
		Release|Any CPU = Release|Any CPU
	EndGlobalSection
	GlobalSection(ProjectConfigurationPlatforms) = postSolution
		{07786F27-68FC-451D-AD0A-A4A06C9F7DBA}.Debug|Any CPU.ActiveCfg = Debug|Any CPU
		{07786F27-68FC-451D-AD0A-A4A06C9F7DBA}.Debug|Any CPU.Build.0 = Debug|Any CPU
		{07786F27-68FC-451D-AD0A-A4A06C9F7DBA}.Release|Any CPU.ActiveCfg = Release|Any CPU
		{07786F27-68FC-451D-AD0A-A4A06C9F7DBA}.Release|Any CPU.Build.0 = Release|Any CPU
	EndGlobalSection
	GlobalSection(SolutionProperties) = preSolution
		HideSolutionNode = FALSE
	EndGlobalSection
	GlobalSection(ExtensibilityGlobals) = postSolution
		SolutionGuid = {78902F79-7BCE-46AA-AD28-D403DE04B7BF}
	EndGlobalSection
EndGlobal
