
Microsoft Visual Studio Solution File, Format Version 12.00
# Visual Studio Version 17
VisualStudioVersion = 17.0.32112.339
MinimumVisualStudioVersion = 10.0.40219.1
Project("{FAE04EC0-301F-11D3-BF4B-00C04F79EFBC}") = "method_override_new", "method_override_new\method_override_new.csproj", "{1FEA00D2-B4A5-4B04-9B22-DFAFF38AC353}"
EndProject
Global
	GlobalSection(SolutionConfigurationPlatforms) = preSolution
		Debug|Any CPU = Debug|Any CPU
		Release|Any CPU = Release|Any CPU
	EndGlobalSection
	GlobalSection(ProjectConfigurationPlatforms) = postSolution
		{1FEA00D2-B4A5-4B04-9B22-DFAFF38AC353}.Debug|Any CPU.ActiveCfg = Debug|Any CPU
		{1FEA00D2-B4A5-4B04-9B22-DFAFF38AC353}.Debug|Any CPU.Build.0 = Debug|Any CPU
		{1FEA00D2-B4A5-4B04-9B22-DFAFF38AC353}.Release|Any CPU.ActiveCfg = Release|Any CPU
		{1FEA00D2-B4A5-4B04-9B22-DFAFF38AC353}.Release|Any CPU.Build.0 = Release|Any CPU
	EndGlobalSection
	GlobalSection(SolutionProperties) = preSolution
		HideSolutionNode = FALSE
	EndGlobalSection
	GlobalSection(ExtensibilityGlobals) = postSolution
		SolutionGuid = {96C4A2E9-ACAF-4458-9FBC-EB42B4A7BE4B}
	EndGlobalSection
EndGlobal
