
Microsoft Visual Studio Solution File, Format Version 12.00
# Visual Studio Version 17
VisualStudioVersion = 17.0.32112.339
MinimumVisualStudioVersion = 10.0.40219.1
Project("{FAE04EC0-301F-11D3-BF4B-00C04F79EFBC}") = "abstract_class", "abstract_class\abstract_class.csproj", "{112DE22A-8DD1-4B0E-A566-04DD01BF3153}"
EndProject
Global
	GlobalSection(SolutionConfigurationPlatforms) = preSolution
		Debug|Any CPU = Debug|Any CPU
		Release|Any CPU = Release|Any CPU
	EndGlobalSection
	GlobalSection(ProjectConfigurationPlatforms) = postSolution
		{112DE22A-8DD1-4B0E-A566-04DD01BF3153}.Debug|Any CPU.ActiveCfg = Debug|Any CPU
		{112DE22A-8DD1-4B0E-A566-04DD01BF3153}.Debug|Any CPU.Build.0 = Debug|Any CPU
		{112DE22A-8DD1-4B0E-A566-04DD01BF3153}.Release|Any CPU.ActiveCfg = Release|Any CPU
		{112DE22A-8DD1-4B0E-A566-04DD01BF3153}.Release|Any CPU.Build.0 = Release|Any CPU
	EndGlobalSection
	GlobalSection(SolutionProperties) = preSolution
		HideSolutionNode = FALSE
	EndGlobalSection
	GlobalSection(ExtensibilityGlobals) = postSolution
		SolutionGuid = {1BD92F96-AD2D-4A3A-A5D6-B2F8835B9465}
	EndGlobalSection
EndGlobal
