
Microsoft Visual Studio Solution File, Format Version 12.00
# Visual Studio Version 17
VisualStudioVersion = 17.0.32126.317
MinimumVisualStudioVersion = 10.0.40219.1
Project("{FAE04EC0-301F-11D3-BF4B-00C04F79EFBC}") = "2darray_read_print", "2darray_read_print\2darray_read_print.csproj", "{3FC86470-EFEA-49C9-92D7-E6F8C004557F}"
EndProject
Global
	GlobalSection(SolutionConfigurationPlatforms) = preSolution
		Debug|Any CPU = Debug|Any CPU
		Release|Any CPU = Release|Any CPU
	EndGlobalSection
	GlobalSection(ProjectConfigurationPlatforms) = postSolution
		{3FC86470-EFEA-49C9-92D7-E6F8C004557F}.Debug|Any CPU.ActiveCfg = Debug|Any CPU
		{3FC86470-EFEA-49C9-92D7-E6F8C004557F}.Debug|Any CPU.Build.0 = Debug|Any CPU
		{3FC86470-EFEA-49C9-92D7-E6F8C004557F}.Release|Any CPU.ActiveCfg = Release|Any CPU
		{3FC86470-EFEA-49C9-92D7-E6F8C004557F}.Release|Any CPU.Build.0 = Release|Any CPU
	EndGlobalSection
	GlobalSection(SolutionProperties) = preSolution
		HideSolutionNode = FALSE
	EndGlobalSection
	GlobalSection(ExtensibilityGlobals) = postSolution
		SolutionGuid = {318E7003-5B67-45A6-9874-02C3E458A6DA}
	EndGlobalSection
EndGlobal
