
Microsoft Visual Studio Solution File, Format Version 12.00
# Visual Studio Version 17
VisualStudioVersion = 17.0.32112.339
MinimumVisualStudioVersion = 10.0.40219.1
Project("{FAE04EC0-301F-11D3-BF4B-00C04F79EFBC}") = "method_overload", "method_overload\method_overload.csproj", "{50A73786-D980-4C54-AF75-EA657B8F26CB}"
EndProject
Global
	GlobalSection(SolutionConfigurationPlatforms) = preSolution
		Debug|Any CPU = Debug|Any CPU
		Release|Any CPU = Release|Any CPU
	EndGlobalSection
	GlobalSection(ProjectConfigurationPlatforms) = postSolution
		{50A73786-D980-4C54-AF75-EA657B8F26CB}.Debug|Any CPU.ActiveCfg = Debug|Any CPU
		{50A73786-D980-4C54-AF75-EA657B8F26CB}.Debug|Any CPU.Build.0 = Debug|Any CPU
		{50A73786-D980-4C54-AF75-EA657B8F26CB}.Release|Any CPU.ActiveCfg = Release|Any CPU
		{50A73786-D980-4C54-AF75-EA657B8F26CB}.Release|Any CPU.Build.0 = Release|Any CPU
	EndGlobalSection
	GlobalSection(SolutionProperties) = preSolution
		HideSolutionNode = FALSE
	EndGlobalSection
	GlobalSection(ExtensibilityGlobals) = postSolution
		SolutionGuid = {D4CA9C27-7EE8-4B5F-A4FA-6A4C1396E10E}
	EndGlobalSection
EndGlobal
