
Microsoft Visual Studio Solution File, Format Version 12.00
# Visual Studio Version 17
VisualStudioVersion = 17.0.32112.339
MinimumVisualStudioVersion = 10.0.40219.1
Project("{FAE04EC0-301F-11D3-BF4B-00C04F79EFBC}") = "emp5_3looptypes", "emp5_3looptypes\emp5_3looptypes.csproj", "{A18A96B8-4DBC-4A09-90B3-78F50D75D41C}"
EndProject
Global
	GlobalSection(SolutionConfigurationPlatforms) = preSolution
		Debug|Any CPU = Debug|Any CPU
		Release|Any CPU = Release|Any CPU
	EndGlobalSection
	GlobalSection(ProjectConfigurationPlatforms) = postSolution
		{A18A96B8-4DBC-4A09-90B3-78F50D75D41C}.Debug|Any CPU.ActiveCfg = Debug|Any CPU
		{A18A96B8-4DBC-4A09-90B3-78F50D75D41C}.Debug|Any CPU.Build.0 = Debug|Any CPU
		{A18A96B8-4DBC-4A09-90B3-78F50D75D41C}.Release|Any CPU.ActiveCfg = Release|Any CPU
		{A18A96B8-4DBC-4A09-90B3-78F50D75D41C}.Release|Any CPU.Build.0 = Release|Any CPU
	EndGlobalSection
	GlobalSection(SolutionProperties) = preSolution
		HideSolutionNode = FALSE
	EndGlobalSection
	GlobalSection(ExtensibilityGlobals) = postSolution
		SolutionGuid = {CD4BF291-7857-48BB-AC38-F5EF9791348A}
	EndGlobalSection
EndGlobal
