
Microsoft Visual Studio Solution File, Format Version 12.00
# Visual Studio Version 17
VisualStudioVersion = 17.0.32112.339
MinimumVisualStudioVersion = 10.0.40219.1
Project("{FAE04EC0-301F-11D3-BF4B-00C04F79EFBC}") = "emp_public", "emp_public\emp_public.csproj", "{E28D155D-9BFA-4C15-A4F5-30613EC90E9B}"
EndProject
Global
	GlobalSection(SolutionConfigurationPlatforms) = preSolution
		Debug|Any CPU = Debug|Any CPU
		Release|Any CPU = Release|Any CPU
	EndGlobalSection
	GlobalSection(ProjectConfigurationPlatforms) = postSolution
		{E28D155D-9BFA-4C15-A4F5-30613EC90E9B}.Debug|Any CPU.ActiveCfg = Debug|Any CPU
		{E28D155D-9BFA-4C15-A4F5-30613EC90E9B}.Debug|Any CPU.Build.0 = Debug|Any CPU
		{E28D155D-9BFA-4C15-A4F5-30613EC90E9B}.Release|Any CPU.ActiveCfg = Release|Any CPU
		{E28D155D-9BFA-4C15-A4F5-30613EC90E9B}.Release|Any CPU.Build.0 = Release|Any CPU
	EndGlobalSection
	GlobalSection(SolutionProperties) = preSolution
		HideSolutionNode = FALSE
	EndGlobalSection
	GlobalSection(ExtensibilityGlobals) = postSolution
		SolutionGuid = {49AC8C45-11E0-476B-96C2-D64838CA4A31}
	EndGlobalSection
EndGlobal
